
Microsoft Visual Studio Solution File, Format Version 12.00
# Visual Studio 15
VisualStudioVersion = 15.0.27004.2010
MinimumVisualStudioVersion = 10.0.40219.1
Project("{FAE04EC0-301F-11D3-BF4B-00C04F79EFBC}") = "ConsoleApp1", "ConsoleApp1\ConsoleApp1.csproj", "{A54442DB-3108-4E0C-8EE3-3B9F0006B352}"
EndProject
Global
	GlobalSection(SolutionConfigurationPlatforms) = preSolution
		Debug|Any CPU = Debug|Any CPU
		Release|Any CPU = Release|Any CPU
	EndGlobalSection
	GlobalSection(ProjectConfigurationPlatforms) = postSolution
		{A54442DB-3108-4E0C-8EE3-3B9F0006B352}.Debug|Any CPU.ActiveCfg = Debug|Any CPU
		{A54442DB-3108-4E0C-8EE3-3B9F0006B352}.Debug|Any CPU.Build.0 = Debug|Any CPU
		{A54442DB-3108-4E0C-8EE3-3B9F0006B352}.Release|Any CPU.ActiveCfg = Release|Any CPU
		{A54442DB-3108-4E0C-8EE3-3B9F0006B352}.Release|Any CPU.Build.0 = Release|Any CPU
	EndGlobalSection
	GlobalSection(SolutionProperties) = preSolution
		HideSolutionNode = FALSE
	EndGlobalSection
	GlobalSection(ExtensibilityGlobals) = postSolution
		SolutionGuid = {44698281-08C1-4DC6-B6BB-E985680CC001}
	EndGlobalSection
EndGlobal
